// !$*UTF8*$!
{
	archiveVersion = 1;
	classes = {
	};
	objectVersion = 46;
	objects = {

/* Begin PBXBuildFile section */
		02D390BC1B5DFC4B0028F5A9 /* AppDelegate.swift in Sources */ = {isa = PBXBuildFile; fileRef = 02D390BB1B5DFC4B0028F5A9 /* AppDelegate.swift */; };
		02D390BE1B5DFC4B0028F5A9 /* ViewController.swift in Sources */ = {isa = PBXBuildFile; fileRef = 02D390BD1B5DFC4B0028F5A9 /* ViewController.swift */; };
		02D390C11B5DFC4B0028F5A9 /* Main.storyboard in Resources */ = {isa = PBXBuildFile; fileRef = 02D390BF1B5DFC4B0028F5A9 /* Main.storyboard */; };
		02D390C31B5DFC4B0028F5A9 /* Images.xcassets in Resources */ = {isa = PBXBuildFile; fileRef = 02D390C21B5DFC4B0028F5A9 /* Images.xcassets */; };
		02D390C61B5DFC4B0028F5A9 /* LaunchScreen.xib in Resources */ = {isa = PBXBuildFile; fileRef = 02D390C41B5DFC4B0028F5A9 /* LaunchScreen.xib */; };
		02D390D21B5DFC4B0028F5A9 /* ColorMakerWithSliderTests.swift in Sources */ = {isa = PBXBuildFile; fileRef = 02D390D11B5DFC4B0028F5A9 /* ColorMakerWithSliderTests.swift */; };
/* End PBXBuildFile section */

/* Begin PBXContainerItemProxy section */
		02D390CC1B5DFC4B0028F5A9 /* PBXContainerItemProxy */ = {
			isa = PBXContainerItemProxy;
			containerPortal = 02D390AE1B5DFC4B0028F5A9 /* Project object */;
			proxyType = 1;
			remoteGlobalIDString = 02D390B51B5DFC4B0028F5A9;
			remoteInfo = ColorMakerWithSlider;
		};
/* End PBXContainerItemProxy section */

/* Begin PBXFileReference section */
		02D390B61B5DFC4B0028F5A9 /* ColorMakerWithSlider.app */ = {isa = PBXFileReference; explicitFileType = wrapper.application; includeInIndex = 0; path = ColorMakerWithSlider.app; sourceTree = BUILT_PRODUCTS_DIR; };
		02D390BA1B5DFC4B0028F5A9 /* Info.plist */ = {isa = PBXFileReference; lastKnownFileType = text.plist.xml; path = Info.plist; sourceTree = "<group>"; };
		02D390BB1B5DFC4B0028F5A9 /* AppDelegate.swift */ = {isa = PBXFileReference; lastKnownFileType = sourcecode.swift; path = AppDelegate.swift; sourceTree = "<group>"; };
		02D390BD1B5DFC4B0028F5A9 /* ViewController.swift */ = {isa = PBXFileReference; lastKnownFileType = sourcecode.swift; path = ViewController.swift; sourceTree = "<group>"; };
		02D390C01B5DFC4B0028F5A9 /* Base */ = {isa = PBXFileReference; lastKnownFileType = file.storyboard; name = Base; path = Base.lproj/Main.storyboard; sourceTree = "<group>"; };
		02D390C21B5DFC4B0028F5A9 /* Images.xcassets */ = {isa = PBXFileReference; lastKnownFileType = folder.assetcatalog; path = Images.xcassets; sourceTree = "<group>"; };
		02D390C51B5DFC4B0028F5A9 /* Base */ = {isa = PBXFileReference; lastKnownFileType = file.xib; name = Base; path = Base.lproj/LaunchScreen.xib; sourceTree = "<group>"; };
		02D390CB1B5DFC4B0028F5A9 /* ColorMakerWithSliderTests.xctest */ = {isa = PBXFileReference; explicitFileType = wrapper.cfbundle; includeInIndex = 0; path = ColorMakerWithSliderTests.xctest; sourceTree = BUILT_PRODUCTS_DIR; };
		02D390D01B5DFC4B0028F5A9 /* Info.plist */ = {isa = PBXFileReference; lastKnownFileType = text.plist.xml; path = Info.plist; sourceTree = "<group>"; };
		02D390D11B5DFC4B0028F5A9 /* ColorMakerWithSliderTests.swift */ = {isa = PBXFileReference; lastKnownFileType = sourcecode.swift; path = ColorMakerWithSliderTests.swift; sourceTree = "<group>"; };
/* End PBXFileReference section */

/* Begin PBXFrameworksBuildPhase section */
		02D390B31B5DFC4B0028F5A9 /* Frameworks */ = {
			isa = PBXFrameworksBuildPhase;
			buildActionMask = 2147483647;
			files = (
			);
			runOnlyForDeploymentPostprocessing = 0;
		};
		02D390C81B5DFC4B0028F5A9 /* Frameworks */ = {
			isa = PBXFrameworksBuildPhase;
			buildActionMask = 2147483647;
			files = (
			);
			runOnlyForDeploymentPostprocessing = 0;
		};
/* End PBXFrameworksBuildPhase section */

/* Begin PBXGroup section */
		02D390AD1B5DFC4B0028F5A9 = {
			isa = PBXGroup;
			children = (
				02D390B81B5DFC4B0028F5A9 /* ColorMakerWithSlider */,
				02D390CE1B5DFC4B0028F5A9 /* ColorMakerWithSliderTests */,
				02D390B71B5DFC4B0028F5A9 /* Products */,
			);
			sourceTree = "<group>";
		};
		02D390B71B5DFC4B0028F5A9 /* Products */ = {
			isa = PBXGroup;
			children = (
				02D390B61B5DFC4B0028F5A9 /* ColorMakerWithSlider.app */,
				02D390CB1B5DFC4B0028F5A9 /* ColorMakerWithSliderTests.xctest */,
			);
			name = Products;
			sourceTree = "<group>";
		};
		02D390B81B5DFC4B0028F5A9 /* ColorMakerWithSlider */ = {
			isa = PBXGroup;
			children = (
				02D390BB1B5DFC4B0028F5A9 /* AppDelegate.swift */,
				02D390BD1B5DFC4B0028F5A9 /* ViewController.swift */,
				02D390BF1B5DFC4B0028F5A9 /* Main.storyboard */,
				02D390C21B5DFC4B0028F5A9 /* Images.xcassets */,
				02D390C41B5DFC4B0028F5A9 /* LaunchScreen.xib */,
				02D390B91B5DFC4B0028F5A9 /* Supporting Files */,
			);
			path = ColorMakerWithSlider;
			sourceTree = "<group>";
		};
		02D390B91B5DFC4B0028F5A9 /* Supporting Files */ = {
			isa = PBXGroup;
			children = (
				02D390BA1B5DFC4B0028F5A9 /* Info.plist */,
			);
			name = "Supporting Files";
			sourceTree = "<group>";
		};
		02D390CE1B5DFC4B0028F5A9 /* ColorMakerWithSliderTests */ = {
			isa = PBXGroup;
			children = (
				02D390D11B5DFC4B0028F5A9 /* ColorMakerWithSliderTests.swift */,
				02D390CF1B5DFC4B0028F5A9 /* Supporting Files */,
			);
			path = ColorMakerWithSliderTests;
			sourceTree = "<group>";
		};
		02D390CF1B5DFC4B0028F5A9 /* Supporting Files */ = {
			isa = PBXGroup;
			children = (
				02D390D01B5DFC4B0028F5A9 /* Info.plist */,
			);
			name = "Supporting Files";
			sourceTree = "<group>";
		};
/* End PBXGroup section */

/* Begin PBXNativeTarget section */
		02D390B51B5DFC4B0028F5A9 /* ColorMakerWithSlider */ = {
			isa = PBXNativeTarget;
			buildConfigurationList = 02D390D51B5DFC4B0028F5A9 /* Build configuration list for PBXNativeTarget "ColorMakerWithSlider" */;
			buildPhases = (
				02D390B21B5DFC4B0028F5A9 /* Sources */,
				02D390B31B5DFC4B0028F5A9 /* Frameworks */,
				02D390B41B5DFC4B0028F5A9 /* Resources */,
			);
			buildRules = (
			);
			dependencies = (
			);
			name = ColorMakerWithSlider;
			productName = ColorMakerWithSlider;
			productReference = 02D390B61B5DFC4B0028F5A9 /* ColorMakerWithSlider.app */;
			productType = "com.apple.product-type.application";
		};
		02D390CA1B5DFC4B0028F5A9 /* ColorMakerWithSliderTests */ = {
			isa = PBXNativeTarget;
			buildConfigurationList = 02D390D81B5DFC4B0028F5A9 /* Build configuration list for PBXNativeTarget "ColorMakerWithSliderTests" */;
			buildPhases = (
				02D390C71B5DFC4B0028F5A9 /* Sources */,
				02D390C81B5DFC4B0028F5A9 /* Frameworks */,
				02D390C91B5DFC4B0028F5A9 /* Resources */,
			);
			buildRules = (
			);
			dependencies = (
				02D390CD1B5DFC4B0028F5A9 /* PBXTargetDependency */,
			);
			name = ColorMakerWithSliderTests;
			productName = ColorMakerWithSliderTests;
			productReference = 02D390CB1B5DFC4B0028F5A9 /* ColorMakerWithSliderTests.xctest */;
			productType = "com.apple.product-type.bundle.unit-test";
		};
/* End PBXNativeTarget section */

/* Begin PBXProject section */
		02D390AE1B5DFC4B0028F5A9 /* Project object */ = {
			isa = PBXProject;
			attributes = {
				LastUpgradeCheck = 0640;
				ORGANIZATIONNAME = "Phuc Nguyen";
				TargetAttributes = {
					02D390B51B5DFC4B0028F5A9 = {
						CreatedOnToolsVersion = 6.4;
					};
					02D390CA1B5DFC4B0028F5A9 = {
						CreatedOnToolsVersion = 6.4;
						TestTargetID = 02D390B51B5DFC4B0028F5A9;
					};
				};
			};
			buildConfigurationList = 02D390B11B5DFC4B0028F5A9 /* Build configuration list for PBXProject "ColorMakerWithSlider" */;
			compatibilityVersion = "Xcode 3.2";
			developmentRegion = English;
			hasScannedForEncodings = 0;
			knownRegions = (
				en,
				Base,
			);
			mainGroup = 02D390AD1B5DFC4B0028F5A9;
			productRefGroup = 02D390B71B5DFC4B0028F5A9 /* Products */;
			projectDirPath = "";
			projectRoot = "";
			targets = (
				02D390B51B5DFC4B0028F5A9 /* ColorMakerWithSlider */,
				02D390CA1B5DFC4B0028F5A9 /* ColorMakerWithSliderTests */,
			);
		};
/* End PBXProject section */

/* Begin PBXResourcesBuildPhase section */
		02D390B41B5DFC4B0028F5A9 /* Resources */ = {
			isa = PBXResourcesBuildPhase;
			buildActionMask = 2147483647;
			files = (
				02D390C11B5DFC4B0028F5A9 /* Main.storyboard in Resources */,
				02D390C61B5DFC4B0028F5A9 /* LaunchScreen.xib in Resources */,
				02D390C31B5DFC4B0028F5A9 /* Images.xcassets in Resources */,
			);
			runOnlyForDeploymentPostprocessing = 0;
		};
		02D390C91B5DFC4B0028F5A9 /* Resources */ = {
			isa = PBXResourcesBuildPhase;
			buildActionMask = 2147483647;
			files = (
			);
			runOnlyForDeploymentPostprocessing = 0;
		};
/* End PBXResourcesBuildPhase section */

/* Begin PBXSourcesBuildPhase section */
		02D390B21B5DFC4B0028F5A9 /* Sources */ = {
			isa = PBXSourcesBuildPhase;
			buildActionMask = 2147483647;
			files = (
				02D390BE1B5DFC4B0028F5A9 /* ViewController.swift in Sources */,
				02D390BC1B5DFC4B0028F5A9 /* AppDelegate.swift in Sources */,
			);
			runOnlyForDeploymentPostprocessing = 0;
		};
		02D390C71B5DFC4B0028F5A9 /* Sources */ = {
			isa = PBXSourcesBuildPhase;
			buildActionMask = 2147483647;
			files = (
				02D390D21B5DFC4B0028F5A9 /* ColorMakerWithSliderTests.swift in Sources */,
			);
			runOnlyForDeploymentPostprocessing = 0;
		};
/* End PBXSourcesBuildPhase section */

/* Begin PBXTargetDependency section */
		02D390CD1B5DFC4B0028F5A9 /* PBXTargetDependency */ = {
			isa = PBXTargetDependency;
			target = 02D390B51B5DFC4B0028F5A9 /* ColorMakerWithSlider */;
			targetProxy = 02D390CC1B5DFC4B0028F5A9 /* PBXContainerItemProxy */;
		};
/* End PBXTargetDependency section */

/* Begin PBXVariantGroup section */
		02D390BF1B5DFC4B0028F5A9 /* Main.storyboard */ = {
			isa = PBXVariantGroup;
			children = (
				02D390C01B5DFC4B0028F5A9 /* Base */,
			);
			name = Main.storyboard;
			sourceTree = "<group>";
		};
		02D390C41B5DFC4B0028F5A9 /* LaunchScreen.xib */ = {
			isa = PBXVariantGroup;
			children = (
				02D390C51B5DFC4B0028F5A9 /* Base */,
			);
			name = LaunchScreen.xib;
			sourceTree = "<group>";
		};
/* End PBXVariantGroup section */

/* Begin XCBuildConfiguration section */
		02D390D31B5DFC4B0028F5A9 /* Debug */ = {
			isa = XCBuildConfiguration;
			buildSettings = {
				ALWAYS_SEARCH_USER_PATHS = NO;
				CLANG_CXX_LANGUAGE_STANDARD = "gnu++0x";
				CLANG_CXX_LIBRARY = "libc++";
				CLANG_ENABLE_MODULES = YES;
				CLANG_ENABLE_OBJC_ARC = YES;
				CLANG_WARN_BOOL_CONVERSION = YES;
				CLANG_WARN_CONSTANT_CONVERSION = YES;
				CLANG_WARN_DIRECT_OBJC_ISA_USAGE = YES_ERROR;
				CLANG_WARN_EMPTY_BODY = YES;
				CLANG_WARN_ENUM_CONVERSION = YES;
				CLANG_WARN_INT_CONVERSION = YES;
				CLANG_WARN_OBJC_ROOT_CLASS = YES_ERROR;
				CLANG_WARN_UNREACHABLE_CODE = YES;
				CLANG_WARN__DUPLICATE_METHOD_MATCH = YES;
				"CODE_SIGN_IDENTITY[sdk=iphoneos*]" = "iPhone Developer";
				COPY_PHASE_STRIP = NO;
				DEBUG_INFORMATION_FORMAT = "dwarf-with-dsym";
				ENABLE_STRICT_OBJC_MSGSEND = YES;
				GCC_C_LANGUAGE_STANDARD = gnu99;
				GCC_DYNAMIC_NO_PIC = NO;
				GCC_NO_COMMON_BLOCKS = YES;
				GCC_OPTIMIZATION_LEVEL = 0;
				GCC_PREPROCESSOR_DEFINITIONS = (
					"DEBUG=1",
					"$(inherited)",
				);
				GCC_SYMBOLS_PRIVATE_EXTERN = NO;
				GCC_WARN_64_TO_32_BIT_CONVERSION = YES;
				GCC_WARN_ABOUT_RETURN_TYPE = YES_ERROR;
				GCC_WARN_UNDECLARED_SELECTOR = YES;
				GCC_WARN_UNINITIALIZED_AUTOS = YES_AGGRESSIVE;
				GCC_WARN_UNUSED_FUNCTION = YES;
				GCC_WARN_UNUSED_VARIABLE = YES;
				IPHONEOS_DEPLOYMENT_TARGET = 8.4;
				MTL_ENABLE_DEBUG_INFO = YES;
				ONLY_ACTIVE_ARCH = YES;
				SDKROOT = iphoneos;
				SWIFT_OPTIMIZATION_LEVEL = "-Onone";
				TARGETED_DEVICE_FAMILY = "1,2";
			};
			name = Debug;
		};
		02D390D41B5DFC4B0028F5A9 /* Release */ = {
			isa = XCBuildConfiguration;
			buildSettings = {
				ALWAYS_SEARCH_USER_PATHS = NO;
				CLANG_CXX_LANGUAGE_STANDARD = "gnu++0x";
				CLANG_CXX_LIBRARY = "libc++";
				CLANG_ENABLE_MODULES = YES;
				CLANG_ENABLE_OBJC_ARC = YES;
				CLANG_WARN_BOOL_CONVERSION = YES;
				CLANG_WARN_CONSTANT_CONVERSION = YES;
				CLANG_WARN_DIRECT_OBJC_ISA_USAGE = YES_ERROR;
				CLANG_WARN_EMPTY_BODY = YES;
				CLANG_WARN_ENUM_CONVERSION = YES;
				CLANG_WARN_INT_CONVERSION = YES;
				CLANG_WARN_OBJC_ROOT_CLASS = YES_ERROR;
				CLANG_WARN_UNREACHABLE_CODE = YES;
				CLANG_WARN__DUPLICATE_METHOD_MATCH = YES;
				"CODE_SIGN_IDENTITY[sdk=iphoneos*]" = "iPhone Developer";
				COPY_PHASE_STRIP = NO;
				DEBUG_INFORMATION_FORMAT = "dwarf-with-dsym";
				ENABLE_NS_ASSERTIONS = NO;
				ENABLE_STRICT_OBJC_MSGSEND = YES;
				GCC_C_LANGUAGE_STANDARD = gnu99;
				GCC_NO_COMMON_BLOCKS = YES;
				GCC_WARN_64_TO_32_BIT_CONVERSION = YES;
				GCC_WARN_ABOUT_RETURN_TYPE = YES_ERROR;
				GCC_WARN_UNDECLARED_SELECTOR = YES;
				GCC_WARN_UNINITIALIZED_AUTOS = YES_AGGRESSIVE;
				GCC_WARN_UNUSED_FUNCTION = YES;
				GCC_WARN_UNUSED_VARIABLE = YES;
				IPHONEOS_DEPLOYMENT_TARGET = 8.4;
				MTL_ENABLE_DEBUG_INFO = NO;
				SDKROOT = iphoneos;
				TARGETED_DEVICE_FAMILY = "1,2";
				VALIDATE_PRODUCT = YES;
			};
			name = Release;
		};
		02D390D61B5DFC4B0028F5A9 /* Debug */ = {
			isa = XCBuildConfiguration;
			buildSettings = {
				ASSETCATALOG_COMPILER_APPICON_NAME = AppIcon;
				INFOPLIST_FILE = ColorMakerWithSlider/Info.plist;
				LD_RUNPATH_SEARCH_PATHS = "$(inherited) @executable_path/Frameworks";
				PRODUCT_NAME = "$(TARGET_NAME)";
			};
			name = Debug;
		};
		02D390D71B5DFC4B0028F5A9 /* Release */ = {
			isa = XCBuildConfiguration;
			buildSettings = {
				ASSETCATALOG_COMPILER_APPICON_NAME = AppIcon;
				INFOPLIST_FILE = ColorMakerWithSlider/Info.plist;
				LD_RUNPATH_SEARCH_PATHS = "$(inherited) @executable_path/Frameworks";
				PRODUCT_NAME = "$(TARGET_NAME)";
			};
			name = Release;
		};
		02D390D91B5DFC4B0028F5A9 /* Debug */ = {
			isa = XCBuildConfiguration;
			buildSettings = {
				BUNDLE_LOADER = "$(TEST_HOST)";
				FRAMEWORK_SEARCH_PATHS = (
					"$(SDKROOT)/Developer/Library/Frameworks",
					"$(inherited)",
				);
				GCC_PREPROCESSOR_DEFINITIONS = (
					"DEBUG=1",
					"$(inherited)",
				);
				INFOPLIST_FILE = ColorMakerWithSliderTests/Info.plist;
				LD_RUNPATH_SEARCH_PATHS = "$(inherited) @executable_path/Frameworks @loader_path/Frameworks";
				PRODUCT_NAME = "$(TARGET_NAME)";
				TEST_HOST = "$(BUILT_PRODUCTS_DIR)/ColorMakerWithSlider.app/ColorMakerWithSlider";
			};
			name = Debug;
		};
		02D390DA1B5DFC4B0028F5A9 /* Release */ = {
			isa = XCBuildConfiguration;
			buildSettings = {
				BUNDLE_LOADER = "$(TEST_HOST)";
				FRAMEWORK_SEARCH_PATHS = (
					"$(SDKROOT)/Developer/Library/Frameworks",
					"$(inherited)",
				);
				INFOPLIST_FILE = ColorMakerWithSliderTests/Info.plist;
				LD_RUNPATH_SEARCH_PATHS = "$(inherited) @executable_path/Frameworks @loader_path/Frameworks";
				PRODUCT_NAME = "$(TARGET_NAME)";
				TEST_HOST = "$(BUILT_PRODUCTS_DIR)/ColorMakerWithSlider.app/ColorMakerWithSlider";
			};
			name = Release;
		};
/* End XCBuildConfiguration section */

/* Begin XCConfigurationList section */
		02D390B11B5DFC4B0028F5A9 /* Build configuration list for PBXProject "ColorMakerWithSlider" */ = {
			isa = XCConfigurationList;
			buildConfigurations = (
				02D390D31B5DFC4B0028F5A9 /* Debug */,
				02D390D41B5DFC4B0028F5A9 /* Release */,
			);
			defaultConfigurationIsVisible = 0;
			defaultConfigurationName = Release;
		};
		02D390D51B5DFC4B0028F5A9 /* Build configuration list for PBXNativeTarget "ColorMakerWithSlider" */ = {
			isa = XCConfigurationList;
			buildConfigurations = (
				02D390D61B5DFC4B0028F5A9 /* Debug */,
				02D390D71B5DFC4B0028F5A9 /* Release */,
			);
			defaultConfigurationIsVisible = 0;
		};
		02D390D81B5DFC4B0028F5A9 /* Build configuration list for PBXNativeTarget "ColorMakerWithSliderTests" */ = {
			isa = XCConfigurationList;
			buildConfigurations = (
				02D390D91B5DFC4B0028F5A9 /* Debug */,
				02D390DA1B5DFC4B0028F5A9 /* Release */,
			);
			defaultConfigurationIsVisible = 0;
		};
/* End XCConfigurationList section */
	};
	rootObject = 02D390AE1B5DFC4B0028F5A9 /* Project object */;
}
